// !$*UTF8*$!
{
	archiveVersion = 1;
	classes = {
	};
	objectVersion = 56;
	objects = {

/* Begin PBXBuildFile section */
		093AC0C32A49765100F20678 /* GoogleService-Info.plist in Resources */ = {isa = PBXBuildFile; fileRef = 093AC0C22A49765100F20678 /* GoogleService-Info.plist */; };
		093AC0C62A4977B200F20678 /* FirebaseAuth in Frameworks */ = {isa = PBXBuildFile; productRef = 093AC0C52A4977B200F20678 /* FirebaseAuth */; };
		093AC0C82A4977B200F20678 /* FirebaseAuthCombine-Community in Frameworks */ = {isa = PBXBuildFile; productRef = 093AC0C72A4977B200F20678 /* FirebaseAuthCombine-Community */; };
		093AC0CA2A4977B200F20678 /* FirebaseDatabase in Frameworks */ = {isa = PBXBuildFile; productRef = 093AC0C92A4977B200F20678 /* FirebaseDatabase */; };
		093AC0CC2A4977B200F20678 /* FirebaseDatabaseSwift in Frameworks */ = {isa = PBXBuildFile; productRef = 093AC0CB2A4977B200F20678 /* FirebaseDatabaseSwift */; };
		093AC0CE2A4977B200F20678 /* FirebaseFirestore in Frameworks */ = {isa = PBXBuildFile; productRef = 093AC0CD2A4977B200F20678 /* FirebaseFirestore */; };
		093AC0D02A4977B200F20678 /* FirebaseFirestoreCombine-Community in Frameworks */ = {isa = PBXBuildFile; productRef = 093AC0CF2A4977B200F20678 /* FirebaseFirestoreCombine-Community */; };
		093AC0D22A4977B200F20678 /* FirebaseFirestoreSwift in Frameworks */ = {isa = PBXBuildFile; productRef = 093AC0D12A4977B200F20678 /* FirebaseFirestoreSwift */; };
		093AC0D42A4977B200F20678 /* FirebaseInAppMessaging-Beta in Frameworks */ = {isa = PBXBuildFile; productRef = 093AC0D32A4977B200F20678 /* FirebaseInAppMessaging-Beta */; };
		093AC0D62A4977B200F20678 /* FirebaseInAppMessagingSwift-Beta in Frameworks */ = {isa = PBXBuildFile; productRef = 093AC0D52A4977B200F20678 /* FirebaseInAppMessagingSwift-Beta */; };
		093AC0D82A4977B200F20678 /* FirebaseMessaging in Frameworks */ = {isa = PBXBuildFile; productRef = 093AC0D72A4977B200F20678 /* FirebaseMessaging */; };
		093AC0DA2A4977B200F20678 /* FirebaseStorage in Frameworks */ = {isa = PBXBuildFile; productRef = 093AC0D92A4977B200F20678 /* FirebaseStorage */; };
		093AC0DC2A4977B200F20678 /* FirebaseStorageCombine-Community in Frameworks */ = {isa = PBXBuildFile; productRef = 093AC0DB2A4977B200F20678 /* FirebaseStorageCombine-Community */; };
		093AC0E12A49C77300F20678 /* LogInView.swift in Sources */ = {isa = PBXBuildFile; fileRef = 093AC0E02A49C77300F20678 /* LogInView.swift */; };
		093AC0E32A49D19A00F20678 /* HomeView.swift in Sources */ = {isa = PBXBuildFile; fileRef = 093AC0E22A49D19A00F20678 /* HomeView.swift */; };
		093AC0E52A4AC48400F20678 /* SplashView.swift in Sources */ = {isa = PBXBuildFile; fileRef = 093AC0E42A4AC48400F20678 /* SplashView.swift */; };
		093AC0EC2A4C436300F20678 /* DogApiService.swift in Sources */ = {isa = PBXBuildFile; fileRef = 093AC0EB2A4C436300F20678 /* DogApiService.swift */; };
		093AC0EE2A4C437200F20678 /* CatApiService.swift in Sources */ = {isa = PBXBuildFile; fileRef = 093AC0ED2A4C437200F20678 /* CatApiService.swift */; };
		093AC0F02A4C437D00F20678 /* MainViewModel.swift in Sources */ = {isa = PBXBuildFile; fileRef = 093AC0EF2A4C437D00F20678 /* MainViewModel.swift */; };
		093AC0F22A4C492100F20678 /* Dogs.swift in Sources */ = {isa = PBXBuildFile; fileRef = 093AC0F12A4C492100F20678 /* Dogs.swift */; };
		093AC0F42A4C492C00F20678 /* Cats.swift in Sources */ = {isa = PBXBuildFile; fileRef = 093AC0F32A4C492C00F20678 /* Cats.swift */; };
		093AC0F62A4C4DA700F20678 /* DogResponse.swift in Sources */ = {isa = PBXBuildFile; fileRef = 093AC0F52A4C4DA700F20678 /* DogResponse.swift */; };
		093AC0F82A4C4EFB00F20678 /* CatResponse.swift in Sources */ = {isa = PBXBuildFile; fileRef = 093AC0F72A4C4EFB00F20678 /* CatResponse.swift */; };
		094288272A45D93500EA2D67 /* LovePetApp.swift in Sources */ = {isa = PBXBuildFile; fileRef = 094288262A45D93500EA2D67 /* LovePetApp.swift */; };
		094288292A45D93500EA2D67 /* ContentView.swift in Sources */ = {isa = PBXBuildFile; fileRef = 094288282A45D93500EA2D67 /* ContentView.swift */; };
		0942882B2A45D93600EA2D67 /* Assets.xcassets in Resources */ = {isa = PBXBuildFile; fileRef = 0942882A2A45D93600EA2D67 /* Assets.xcassets */; };
		0942882E2A45D93600EA2D67 /* Preview Assets.xcassets in Resources */ = {isa = PBXBuildFile; fileRef = 0942882D2A45D93600EA2D67 /* Preview Assets.xcassets */; };
		094288382A45D93600EA2D67 /* LovePetTests.swift in Sources */ = {isa = PBXBuildFile; fileRef = 094288372A45D93600EA2D67 /* LovePetTests.swift */; };
		094288422A45D93600EA2D67 /* LovePetUITests.swift in Sources */ = {isa = PBXBuildFile; fileRef = 094288412A45D93600EA2D67 /* LovePetUITests.swift */; };
		094288442A45D93600EA2D67 /* LovePetUITestsLaunchTests.swift in Sources */ = {isa = PBXBuildFile; fileRef = 094288432A45D93600EA2D67 /* LovePetUITestsLaunchTests.swift */; };
		094288622A45E12900EA2D67 /* LovePet.jpg in Resources */ = {isa = PBXBuildFile; fileRef = 094288612A45E12900EA2D67 /* LovePet.jpg */; };
		0942886D2A45E45700EA2D67 /* FirebaseAuthService.swift in Sources */ = {isa = PBXBuildFile; fileRef = 0942886C2A45E45700EA2D67 /* FirebaseAuthService.swift */; };
		09BE37422A52BB0A00D541D5 /* AddPetView.swift in Sources */ = {isa = PBXBuildFile; fileRef = 09BE37412A52BB0A00D541D5 /* AddPetView.swift */; };
		09BE37442A52BB2200D541D5 /* PetListView.swift in Sources */ = {isa = PBXBuildFile; fileRef = 09BE37432A52BB2200D541D5 /* PetListView.swift */; };
		09BE37462A52CB2900D541D5 /* ApiKeyDog.swift in Sources */ = {isa = PBXBuildFile; fileRef = 09BE37452A52CB2900D541D5 /* ApiKeyDog.swift */; };
		09BE37492A52CBD500D541D5 /* ApiKeyCat.swift in Sources */ = {isa = PBXBuildFile; fileRef = 09BE37482A52CBD500D541D5 /* ApiKeyCat.swift */; };
		09BE374B2A52CD3900D541D5 /* ChatView.swift in Sources */ = {isa = PBXBuildFile; fileRef = 09BE374A2A52CD3900D541D5 /* ChatView.swift */; };
		09BE374D2A52CD4900D541D5 /* ChatDetailView.swift in Sources */ = {isa = PBXBuildFile; fileRef = 09BE374C2A52CD4900D541D5 /* ChatDetailView.swift */; };
/* End PBXBuildFile section */

/* Begin PBXContainerItemProxy section */
		094288342A45D93600EA2D67 /* PBXContainerItemProxy */ = {
			isa = PBXContainerItemProxy;
			containerPortal = 0942881B2A45D93500EA2D67 /* Project object */;
			proxyType = 1;
			remoteGlobalIDString = 094288222A45D93500EA2D67;
			remoteInfo = LovePet;
		};
		0942883E2A45D93600EA2D67 /* PBXContainerItemProxy */ = {
			isa = PBXContainerItemProxy;
			containerPortal = 0942881B2A45D93500EA2D67 /* Project object */;
			proxyType = 1;
			remoteGlobalIDString = 094288222A45D93500EA2D67;
			remoteInfo = LovePet;
		};
/* End PBXContainerItemProxy section */

/* Begin PBXFileReference section */
		093AC0C22A49765100F20678 /* GoogleService-Info.plist */ = {isa = PBXFileReference; fileEncoding = 4; lastKnownFileType = text.plist.xml; path = "GoogleService-Info.plist"; sourceTree = "<group>"; };
		093AC0DF2A4992F900F20678 /* Pflichtenheft Batch005 3.pages */ = {isa = PBXFileReference; lastKnownFileType = file; path = "Pflichtenheft Batch005 3.pages"; sourceTree = "<group>"; };
		093AC0E02A49C77300F20678 /* LogInView.swift */ = {isa = PBXFileReference; lastKnownFileType = sourcecode.swift; path = LogInView.swift; sourceTree = "<group>"; };
		093AC0E22A49D19A00F20678 /* HomeView.swift */ = {isa = PBXFileReference; lastKnownFileType = sourcecode.swift; path = HomeView.swift; sourceTree = "<group>"; };
		093AC0E42A4AC48400F20678 /* SplashView.swift */ = {isa = PBXFileReference; lastKnownFileType = sourcecode.swift; path = SplashView.swift; sourceTree = "<group>"; };
		093AC0EB2A4C436300F20678 /* DogApiService.swift */ = {isa = PBXFileReference; lastKnownFileType = sourcecode.swift; path = DogApiService.swift; sourceTree = "<group>"; };
		093AC0ED2A4C437200F20678 /* CatApiService.swift */ = {isa = PBXFileReference; lastKnownFileType = sourcecode.swift; path = CatApiService.swift; sourceTree = "<group>"; };
		093AC0EF2A4C437D00F20678 /* MainViewModel.swift */ = {isa = PBXFileReference; lastKnownFileType = sourcecode.swift; path = MainViewModel.swift; sourceTree = "<group>"; };
		093AC0F12A4C492100F20678 /* Dogs.swift */ = {isa = PBXFileReference; lastKnownFileType = sourcecode.swift; path = Dogs.swift; sourceTree = "<group>"; };
		093AC0F32A4C492C00F20678 /* Cats.swift */ = {isa = PBXFileReference; lastKnownFileType = sourcecode.swift; path = Cats.swift; sourceTree = "<group>"; };
		093AC0F52A4C4DA700F20678 /* DogResponse.swift */ = {isa = PBXFileReference; lastKnownFileType = sourcecode.swift; path = DogResponse.swift; sourceTree = "<group>"; };
		093AC0F72A4C4EFB00F20678 /* CatResponse.swift */ = {isa = PBXFileReference; lastKnownFileType = sourcecode.swift; path = CatResponse.swift; sourceTree = "<group>"; };
		094288232A45D93500EA2D67 /* LovePet.app */ = {isa = PBXFileReference; explicitFileType = wrapper.application; includeInIndex = 0; path = LovePet.app; sourceTree = BUILT_PRODUCTS_DIR; };
		094288262A45D93500EA2D67 /* LovePetApp.swift */ = {isa = PBXFileReference; lastKnownFileType = sourcecode.swift; path = LovePetApp.swift; sourceTree = "<group>"; };
		094288282A45D93500EA2D67 /* ContentView.swift */ = {isa = PBXFileReference; lastKnownFileType = sourcecode.swift; path = ContentView.swift; sourceTree = "<group>"; };
		0942882A2A45D93600EA2D67 /* Assets.xcassets */ = {isa = PBXFileReference; lastKnownFileType = folder.assetcatalog; path = Assets.xcassets; sourceTree = "<group>"; };
		0942882D2A45D93600EA2D67 /* Preview Assets.xcassets */ = {isa = PBXFileReference; lastKnownFileType = folder.assetcatalog; path = "Preview Assets.xcassets"; sourceTree = "<group>"; };
		094288332A45D93600EA2D67 /* LovePetTests.xctest */ = {isa = PBXFileReference; explicitFileType = wrapper.cfbundle; includeInIndex = 0; path = LovePetTests.xctest; sourceTree = BUILT_PRODUCTS_DIR; };
		094288372A45D93600EA2D67 /* LovePetTests.swift */ = {isa = PBXFileReference; lastKnownFileType = sourcecode.swift; path = LovePetTests.swift; sourceTree = "<group>"; };
		0942883D2A45D93600EA2D67 /* LovePetUITests.xctest */ = {isa = PBXFileReference; explicitFileType = wrapper.cfbundle; includeInIndex = 0; path = LovePetUITests.xctest; sourceTree = BUILT_PRODUCTS_DIR; };
		094288412A45D93600EA2D67 /* LovePetUITests.swift */ = {isa = PBXFileReference; lastKnownFileType = sourcecode.swift; path = LovePetUITests.swift; sourceTree = "<group>"; };
		094288432A45D93600EA2D67 /* LovePetUITestsLaunchTests.swift */ = {isa = PBXFileReference; lastKnownFileType = sourcecode.swift; path = LovePetUITestsLaunchTests.swift; sourceTree = "<group>"; };
		094288612A45E12900EA2D67 /* LovePet.jpg */ = {isa = PBXFileReference; lastKnownFileType = image.jpeg; path = LovePet.jpg; sourceTree = "<group>"; };
		0942886C2A45E45700EA2D67 /* FirebaseAuthService.swift */ = {isa = PBXFileReference; lastKnownFileType = sourcecode.swift; path = FirebaseAuthService.swift; sourceTree = "<group>"; };
		09BE37412A52BB0A00D541D5 /* AddPetView.swift */ = {isa = PBXFileReference; lastKnownFileType = sourcecode.swift; path = AddPetView.swift; sourceTree = "<group>"; };
		09BE37432A52BB2200D541D5 /* PetListView.swift */ = {isa = PBXFileReference; lastKnownFileType = sourcecode.swift; path = PetListView.swift; sourceTree = "<group>"; };
		09BE37452A52CB2900D541D5 /* ApiKeyDog.swift */ = {isa = PBXFileReference; lastKnownFileType = sourcecode.swift; path = ApiKeyDog.swift; sourceTree = "<group>"; };
		09BE37482A52CBD500D541D5 /* ApiKeyCat.swift */ = {isa = PBXFileReference; lastKnownFileType = sourcecode.swift; path = ApiKeyCat.swift; sourceTree = "<group>"; };
		09BE374A2A52CD3900D541D5 /* ChatView.swift */ = {isa = PBXFileReference; lastKnownFileType = sourcecode.swift; path = ChatView.swift; sourceTree = "<group>"; };
		09BE374C2A52CD4900D541D5 /* ChatDetailView.swift */ = {isa = PBXFileReference; lastKnownFileType = sourcecode.swift; path = ChatDetailView.swift; sourceTree = "<group>"; };
/* End PBXFileReference section */

/* Begin PBXFrameworksBuildPhase section */
		094288202A45D93500EA2D67 /* Frameworks */ = {
			isa = PBXFrameworksBuildPhase;
			buildActionMask = 2147483647;
			files = (
				093AC0CC2A4977B200F20678 /* FirebaseDatabaseSwift in Frameworks */,
				093AC0CA2A4977B200F20678 /* FirebaseDatabase in Frameworks */,
				093AC0D82A4977B200F20678 /* FirebaseMessaging in Frameworks */,
				093AC0C62A4977B200F20678 /* FirebaseAuth in Frameworks */,
				093AC0D42A4977B200F20678 /* FirebaseInAppMessaging-Beta in Frameworks */,
				093AC0D22A4977B200F20678 /* FirebaseFirestoreSwift in Frameworks */,
				093AC0D02A4977B200F20678 /* FirebaseFirestoreCombine-Community in Frameworks */,
				093AC0CE2A4977B200F20678 /* FirebaseFirestore in Frameworks */,
				093AC0DA2A4977B200F20678 /* FirebaseStorage in Frameworks */,
				093AC0D62A4977B200F20678 /* FirebaseInAppMessagingSwift-Beta in Frameworks */,
				093AC0DC2A4977B200F20678 /* FirebaseStorageCombine-Community in Frameworks */,
				093AC0C82A4977B200F20678 /* FirebaseAuthCombine-Community in Frameworks */,
			);
			runOnlyForDeploymentPostprocessing = 0;
		};
		094288302A45D93600EA2D67 /* Frameworks */ = {
			isa = PBXFrameworksBuildPhase;
			buildActionMask = 2147483647;
			files = (
			);
			runOnlyForDeploymentPostprocessing = 0;
		};
		0942883A2A45D93600EA2D67 /* Frameworks */ = {
			isa = PBXFrameworksBuildPhase;
			buildActionMask = 2147483647;
			files = (
			);
			runOnlyForDeploymentPostprocessing = 0;
		};
/* End PBXFrameworksBuildPhase section */

/* Begin PBXGroup section */
		0942881A2A45D93500EA2D67 = {
			isa = PBXGroup;
			children = (
				094288252A45D93500EA2D67 /* LovePet */,
				094288362A45D93600EA2D67 /* LovePetTests */,
				094288402A45D93600EA2D67 /* LovePetUITests */,
				094288242A45D93500EA2D67 /* Products */,
			);
			sourceTree = "<group>";
		};
		094288242A45D93500EA2D67 /* Products */ = {
			isa = PBXGroup;
			children = (
				094288232A45D93500EA2D67 /* LovePet.app */,
				094288332A45D93600EA2D67 /* LovePetTests.xctest */,
				0942883D2A45D93600EA2D67 /* LovePetUITests.xctest */,
			);
			name = Products;
			sourceTree = "<group>";
		};
		094288252A45D93500EA2D67 /* LovePet */ = {
			isa = PBXGroup;
			children = (
				09792A382A5576AB00BAAB61 /* ApiService */,
				09BE37472A52CBBC00D541D5 /* Secrets */,
				094288662A45E35300EA2D67 /* Model */,
				094288652A45E34200EA2D67 /* ViewModel */,
				094288642A45E33800EA2D67 /* Views */,
				0942886B2A45E42900EA2D67 /* Service */,
				093AC0C22A49765100F20678 /* GoogleService-Info.plist */,
				094288632A45E13400EA2D67 /* FigmaSkizze */,
				094288602A45DE9200EA2D67 /* Pflichtenheft */,
				094288262A45D93500EA2D67 /* LovePetApp.swift */,
				094288282A45D93500EA2D67 /* ContentView.swift */,
				0942882A2A45D93600EA2D67 /* Assets.xcassets */,
				0942882C2A45D93600EA2D67 /* Preview Content */,
			);
			path = LovePet;
			sourceTree = "<group>";
		};
		0942882C2A45D93600EA2D67 /* Preview Content */ = {
			isa = PBXGroup;
			children = (
				0942882D2A45D93600EA2D67 /* Preview Assets.xcassets */,
			);
			path = "Preview Content";
			sourceTree = "<group>";
		};
		094288362A45D93600EA2D67 /* LovePetTests */ = {
			isa = PBXGroup;
			children = (
				094288372A45D93600EA2D67 /* LovePetTests.swift */,
			);
			path = LovePetTests;
			sourceTree = "<group>";
		};
		094288402A45D93600EA2D67 /* LovePetUITests */ = {
			isa = PBXGroup;
			children = (
				094288412A45D93600EA2D67 /* LovePetUITests.swift */,
				094288432A45D93600EA2D67 /* LovePetUITestsLaunchTests.swift */,
			);
			path = LovePetUITests;
			sourceTree = "<group>";
		};
		094288602A45DE9200EA2D67 /* Pflichtenheft */ = {
			isa = PBXGroup;
			children = (
				093AC0DF2A4992F900F20678 /* Pflichtenheft Batch005 3.pages */,
			);
			path = Pflichtenheft;
			sourceTree = "<group>";
		};
		094288632A45E13400EA2D67 /* FigmaSkizze */ = {
			isa = PBXGroup;
			children = (
				094288612A45E12900EA2D67 /* LovePet.jpg */,
			);
			path = FigmaSkizze;
			sourceTree = "<group>";
		};
		094288642A45E33800EA2D67 /* Views */ = {
			isa = PBXGroup;
			children = (
				093AC0E42A4AC48400F20678 /* SplashView.swift */,
				093AC0E02A49C77300F20678 /* LogInView.swift */,
				093AC0E22A49D19A00F20678 /* HomeView.swift */,
				09BE37412A52BB0A00D541D5 /* AddPetView.swift */,
				09BE37432A52BB2200D541D5 /* PetListView.swift */,
				09BE374A2A52CD3900D541D5 /* ChatView.swift */,
				09BE374C2A52CD4900D541D5 /* ChatDetailView.swift */,
			);
			path = Views;
			sourceTree = "<group>";
		};
		094288652A45E34200EA2D67 /* ViewModel */ = {
			isa = PBXGroup;
			children = (
				093AC0EF2A4C437D00F20678 /* MainViewModel.swift */,
			);
			path = ViewModel;
			sourceTree = "<group>";
		};
		094288662A45E35300EA2D67 /* Model */ = {
			isa = PBXGroup;
			children = (
				093AC0F12A4C492100F20678 /* Dogs.swift */,
				093AC0F32A4C492C00F20678 /* Cats.swift */,
				093AC0F52A4C4DA700F20678 /* DogResponse.swift */,
				093AC0F72A4C4EFB00F20678 /* CatResponse.swift */,
			);
			path = Model;
			sourceTree = "<group>";
		};
		0942886B2A45E42900EA2D67 /* Service */ = {
			isa = PBXGroup;
			children = (
				0942886C2A45E45700EA2D67 /* FirebaseAuthService.swift */,
			);
			path = Service;
			sourceTree = "<group>";
		};
		09792A382A5576AB00BAAB61 /* ApiService */ = {
			isa = PBXGroup;
			children = (
				093AC0ED2A4C437200F20678 /* CatApiService.swift */,
				093AC0EB2A4C436300F20678 /* DogApiService.swift */,
			);
			path = ApiService;
			sourceTree = "<group>";
		};
		09BE37472A52CBBC00D541D5 /* Secrets */ = {
			isa = PBXGroup;
			children = (
				09BE37452A52CB2900D541D5 /* ApiKeyDog.swift */,
				09BE37482A52CBD500D541D5 /* ApiKeyCat.swift */,
			);
			path = Secrets;
			sourceTree = "<group>";
		};
/* End PBXGroup section */

/* Begin PBXNativeTarget section */
		094288222A45D93500EA2D67 /* LovePet */ = {
			isa = PBXNativeTarget;
			buildConfigurationList = 094288472A45D93600EA2D67 /* Build configuration list for PBXNativeTarget "LovePet" */;
			buildPhases = (
				0942881F2A45D93500EA2D67 /* Sources */,
				094288202A45D93500EA2D67 /* Frameworks */,
				094288212A45D93500EA2D67 /* Resources */,
			);
			buildRules = (
			);
			dependencies = (
			);
			name = LovePet;
			packageProductDependencies = (
				093AC0C52A4977B200F20678 /* FirebaseAuth */,
				093AC0C72A4977B200F20678 /* FirebaseAuthCombine-Community */,
				093AC0C92A4977B200F20678 /* FirebaseDatabase */,
				093AC0CB2A4977B200F20678 /* FirebaseDatabaseSwift */,
				093AC0CD2A4977B200F20678 /* FirebaseFirestore */,
				093AC0CF2A4977B200F20678 /* FirebaseFirestoreCombine-Community */,
				093AC0D12A4977B200F20678 /* FirebaseFirestoreSwift */,
				093AC0D32A4977B200F20678 /* FirebaseInAppMessaging-Beta */,
				093AC0D52A4977B200F20678 /* FirebaseInAppMessagingSwift-Beta */,
				093AC0D72A4977B200F20678 /* FirebaseMessaging */,
				093AC0D92A4977B200F20678 /* FirebaseStorage */,
				093AC0DB2A4977B200F20678 /* FirebaseStorageCombine-Community */,
			);
			productName = LovePet;
			productReference = 094288232A45D93500EA2D67 /* LovePet.app */;
			productType = "com.apple.product-type.application";
		};
		094288322A45D93600EA2D67 /* LovePetTests */ = {
			isa = PBXNativeTarget;
			buildConfigurationList = 0942884A2A45D93600EA2D67 /* Build configuration list for PBXNativeTarget "LovePetTests" */;
			buildPhases = (
				0942882F2A45D93600EA2D67 /* Sources */,
				094288302A45D93600EA2D67 /* Frameworks */,
				094288312A45D93600EA2D67 /* Resources */,
			);
			buildRules = (
			);
			dependencies = (
				094288352A45D93600EA2D67 /* PBXTargetDependency */,
			);
			name = LovePetTests;
			productName = LovePetTests;
			productReference = 094288332A45D93600EA2D67 /* LovePetTests.xctest */;
			productType = "com.apple.product-type.bundle.unit-test";
		};
		0942883C2A45D93600EA2D67 /* LovePetUITests */ = {
			isa = PBXNativeTarget;
			buildConfigurationList = 0942884D2A45D93600EA2D67 /* Build configuration list for PBXNativeTarget "LovePetUITests" */;
			buildPhases = (
				094288392A45D93600EA2D67 /* Sources */,
				0942883A2A45D93600EA2D67 /* Frameworks */,
				0942883B2A45D93600EA2D67 /* Resources */,
			);
			buildRules = (
			);
			dependencies = (
				0942883F2A45D93600EA2D67 /* PBXTargetDependency */,
			);
			name = LovePetUITests;
			productName = LovePetUITests;
			productReference = 0942883D2A45D93600EA2D67 /* LovePetUITests.xctest */;
			productType = "com.apple.product-type.bundle.ui-testing";
		};
/* End PBXNativeTarget section */

/* Begin PBXProject section */
		0942881B2A45D93500EA2D67 /* Project object */ = {
			isa = PBXProject;
			attributes = {
				BuildIndependentTargetsInParallel = 1;
				LastSwiftUpdateCheck = 1430;
				LastUpgradeCheck = 1430;
				TargetAttributes = {
					094288222A45D93500EA2D67 = {
						CreatedOnToolsVersion = 14.3.1;
					};
					094288322A45D93600EA2D67 = {
						CreatedOnToolsVersion = 14.3.1;
						TestTargetID = 094288222A45D93500EA2D67;
					};
					0942883C2A45D93600EA2D67 = {
						CreatedOnToolsVersion = 14.3.1;
						TestTargetID = 094288222A45D93500EA2D67;
					};
				};
			};
			buildConfigurationList = 0942881E2A45D93500EA2D67 /* Build configuration list for PBXProject "LovePet" */;
			compatibilityVersion = "Xcode 14.0";
			developmentRegion = en;
			hasScannedForEncodings = 0;
			knownRegions = (
				en,
				Base,
			);
			mainGroup = 0942881A2A45D93500EA2D67;
			packageReferences = (
				093AC0C42A4977B200F20678 /* XCRemoteSwiftPackageReference "firebase-ios-sdk" */,
			);
			productRefGroup = 094288242A45D93500EA2D67 /* Products */;
			projectDirPath = "";
			projectRoot = "";
			targets = (
				094288222A45D93500EA2D67 /* LovePet */,
				094288322A45D93600EA2D67 /* LovePetTests */,
				0942883C2A45D93600EA2D67 /* LovePetUITests */,
			);
		};
/* End PBXProject section */

/* Begin PBXResourcesBuildPhase section */
		094288212A45D93500EA2D67 /* Resources */ = {
			isa = PBXResourcesBuildPhase;
			buildActionMask = 2147483647;
			files = (
				094288622A45E12900EA2D67 /* LovePet.jpg in Resources */,
				093AC0C32A49765100F20678 /* GoogleService-Info.plist in Resources */,
				0942882E2A45D93600EA2D67 /* Preview Assets.xcassets in Resources */,
				0942882B2A45D93600EA2D67 /* Assets.xcassets in Resources */,
			);
			runOnlyForDeploymentPostprocessing = 0;
		};
		094288312A45D93600EA2D67 /* Resources */ = {
			isa = PBXResourcesBuildPhase;
			buildActionMask = 2147483647;
			files = (
			);
			runOnlyForDeploymentPostprocessing = 0;
		};
		0942883B2A45D93600EA2D67 /* Resources */ = {
			isa = PBXResourcesBuildPhase;
			buildActionMask = 2147483647;
			files = (
			);
			runOnlyForDeploymentPostprocessing = 0;
		};
/* End PBXResourcesBuildPhase section */

/* Begin PBXSourcesBuildPhase section */
		0942881F2A45D93500EA2D67 /* Sources */ = {
			isa = PBXSourcesBuildPhase;
			buildActionMask = 2147483647;
			files = (
				093AC0F42A4C492C00F20678 /* Cats.swift in Sources */,
				093AC0F62A4C4DA700F20678 /* DogResponse.swift in Sources */,
				093AC0E12A49C77300F20678 /* LogInView.swift in Sources */,
				0942886D2A45E45700EA2D67 /* FirebaseAuthService.swift in Sources */,
				09BE374B2A52CD3900D541D5 /* ChatView.swift in Sources */,
				093AC0EC2A4C436300F20678 /* DogApiService.swift in Sources */,
				093AC0E32A49D19A00F20678 /* HomeView.swift in Sources */,
				094288292A45D93500EA2D67 /* ContentView.swift in Sources */,
				09BE37462A52CB2900D541D5 /* ApiKeyDog.swift in Sources */,
				094288272A45D93500EA2D67 /* LovePetApp.swift in Sources */,
				093AC0EE2A4C437200F20678 /* CatApiService.swift in Sources */,
				093AC0E52A4AC48400F20678 /* SplashView.swift in Sources */,
				09BE37442A52BB2200D541D5 /* PetListView.swift in Sources */,
				09BE374D2A52CD4900D541D5 /* ChatDetailView.swift in Sources */,
				093AC0F22A4C492100F20678 /* Dogs.swift in Sources */,
				093AC0F02A4C437D00F20678 /* MainViewModel.swift in Sources */,
				09BE37492A52CBD500D541D5 /* ApiKeyCat.swift in Sources */,
				09BE37422A52BB0A00D541D5 /* AddPetView.swift in Sources */,
				093AC0F82A4C4EFB00F20678 /* CatResponse.swift in Sources */,
			);
			runOnlyForDeploymentPostprocessing = 0;
		};
		0942882F2A45D93600EA2D67 /* Sources */ = {
			isa = PBXSourcesBuildPhase;
			buildActionMask = 2147483647;
			files = (
				094288382A45D93600EA2D67 /* LovePetTests.swift in Sources */,
			);
			runOnlyForDeploymentPostprocessing = 0;
		};
		094288392A45D93600EA2D67 /* Sources */ = {
			isa = PBXSourcesBuildPhase;
			buildActionMask = 2147483647;
			files = (
				094288442A45D93600EA2D67 /* LovePetUITestsLaunchTests.swift in Sources */,
				094288422A45D93600EA2D67 /* LovePetUITests.swift in Sources */,
			);
			runOnlyForDeploymentPostprocessing = 0;
		};
/* End PBXSourcesBuildPhase section */

/* Begin PBXTargetDependency section */
		094288352A45D93600EA2D67 /* PBXTargetDependency */ = {
			isa = PBXTargetDependency;
			target = 094288222A45D93500EA2D67 /* LovePet */;
			targetProxy = 094288342A45D93600EA2D67 /* PBXContainerItemProxy */;
		};
		0942883F2A45D93600EA2D67 /* PBXTargetDependency */ = {
			isa = PBXTargetDependency;
			target = 094288222A45D93500EA2D67 /* LovePet */;
			targetProxy = 0942883E2A45D93600EA2D67 /* PBXContainerItemProxy */;
		};
/* End PBXTargetDependency section */

/* Begin XCBuildConfiguration section */
		094288452A45D93600EA2D67 /* Debug */ = {
			isa = XCBuildConfiguration;
			buildSettings = {
				ALWAYS_SEARCH_USER_PATHS = NO;
				CLANG_ANALYZER_NONNULL = YES;
				CLANG_ANALYZER_NUMBER_OBJECT_CONVERSION = YES_AGGRESSIVE;
				CLANG_CXX_LANGUAGE_STANDARD = "gnu++20";
				CLANG_ENABLE_MODULES = YES;
				CLANG_ENABLE_OBJC_ARC = YES;
				CLANG_ENABLE_OBJC_WEAK = YES;
				CLANG_WARN_BLOCK_CAPTURE_AUTORELEASING = YES;
				CLANG_WARN_BOOL_CONVERSION = YES;
				CLANG_WARN_COMMA = YES;
				CLANG_WARN_CONSTANT_CONVERSION = YES;
				CLANG_WARN_DEPRECATED_OBJC_IMPLEMENTATIONS = YES;
				CLANG_WARN_DIRECT_OBJC_ISA_USAGE = YES_ERROR;
				CLANG_WARN_DOCUMENTATION_COMMENTS = YES;
				CLANG_WARN_EMPTY_BODY = YES;
				CLANG_WARN_ENUM_CONVERSION = YES;
				CLANG_WARN_INFINITE_RECURSION = YES;
				CLANG_WARN_INT_CONVERSION = YES;
				CLANG_WARN_NON_LITERAL_NULL_CONVERSION = YES;
				CLANG_WARN_OBJC_IMPLICIT_RETAIN_SELF = YES;
				CLANG_WARN_OBJC_LITERAL_CONVERSION = YES;
				CLANG_WARN_OBJC_ROOT_CLASS = YES_ERROR;
				CLANG_WARN_QUOTED_INCLUDE_IN_FRAMEWORK_HEADER = YES;
				CLANG_WARN_RANGE_LOOP_ANALYSIS = YES;
				CLANG_WARN_STRICT_PROTOTYPES = YES;
				CLANG_WARN_SUSPICIOUS_MOVE = YES;
				CLANG_WARN_UNGUARDED_AVAILABILITY = YES_AGGRESSIVE;
				CLANG_WARN_UNREACHABLE_CODE = YES;
				CLANG_WARN__DUPLICATE_METHOD_MATCH = YES;
				COPY_PHASE_STRIP = NO;
				DEBUG_INFORMATION_FORMAT = dwarf;
				ENABLE_STRICT_OBJC_MSGSEND = YES;
				ENABLE_TESTABILITY = YES;
				GCC_C_LANGUAGE_STANDARD = gnu11;
				GCC_DYNAMIC_NO_PIC = NO;
				GCC_NO_COMMON_BLOCKS = YES;
				GCC_OPTIMIZATION_LEVEL = 0;
				GCC_PREPROCESSOR_DEFINITIONS = (
					"DEBUG=1",
					"$(inherited)",
				);
				GCC_WARN_64_TO_32_BIT_CONVERSION = YES;
				GCC_WARN_ABOUT_RETURN_TYPE = YES_ERROR;
				GCC_WARN_UNDECLARED_SELECTOR = YES;
				GCC_WARN_UNINITIALIZED_AUTOS = YES_AGGRESSIVE;
				GCC_WARN_UNUSED_FUNCTION = YES;
				GCC_WARN_UNUSED_VARIABLE = YES;
				IPHONEOS_DEPLOYMENT_TARGET = 16.4;
				MTL_ENABLE_DEBUG_INFO = INCLUDE_SOURCE;
				MTL_FAST_MATH = YES;
				ONLY_ACTIVE_ARCH = YES;
				SDKROOT = iphoneos;
				SWIFT_ACTIVE_COMPILATION_CONDITIONS = DEBUG;
				SWIFT_OPTIMIZATION_LEVEL = "-Onone";
			};
			name = Debug;
		};
		094288462A45D93600EA2D67 /* Release */ = {
			isa = XCBuildConfiguration;
			buildSettings = {
				ALWAYS_SEARCH_USER_PATHS = NO;
				CLANG_ANALYZER_NONNULL = YES;
				CLANG_ANALYZER_NUMBER_OBJECT_CONVERSION = YES_AGGRESSIVE;
				CLANG_CXX_LANGUAGE_STANDARD = "gnu++20";
				CLANG_ENABLE_MODULES = YES;
				CLANG_ENABLE_OBJC_ARC = YES;
				CLANG_ENABLE_OBJC_WEAK = YES;
				CLANG_WARN_BLOCK_CAPTURE_AUTORELEASING = YES;
				CLANG_WARN_BOOL_CONVERSION = YES;
				CLANG_WARN_COMMA = YES;
				CLANG_WARN_CONSTANT_CONVERSION = YES;
				CLANG_WARN_DEPRECATED_OBJC_IMPLEMENTATIONS = YES;
				CLANG_WARN_DIRECT_OBJC_ISA_USAGE = YES_ERROR;
				CLANG_WARN_DOCUMENTATION_COMMENTS = YES;
				CLANG_WARN_EMPTY_BODY = YES;
				CLANG_WARN_ENUM_CONVERSION = YES;
				CLANG_WARN_INFINITE_RECURSION = YES;
				CLANG_WARN_INT_CONVERSION = YES;
				CLANG_WARN_NON_LITERAL_NULL_CONVERSION = YES;
				CLANG_WARN_OBJC_IMPLICIT_RETAIN_SELF = YES;
				CLANG_WARN_OBJC_LITERAL_CONVERSION = YES;
				CLANG_WARN_OBJC_ROOT_CLASS = YES_ERROR;
				CLANG_WARN_QUOTED_INCLUDE_IN_FRAMEWORK_HEADER = YES;
				CLANG_WARN_RANGE_LOOP_ANALYSIS = YES;
				CLANG_WARN_STRICT_PROTOTYPES = YES;
				CLANG_WARN_SUSPICIOUS_MOVE = YES;
				CLANG_WARN_UNGUARDED_AVAILABILITY = YES_AGGRESSIVE;
				CLANG_WARN_UNREACHABLE_CODE = YES;
				CLANG_WARN__DUPLICATE_METHOD_MATCH = YES;
				COPY_PHASE_STRIP = NO;
				DEBUG_INFORMATION_FORMAT = "dwarf-with-dsym";
				ENABLE_NS_ASSERTIONS = NO;
				ENABLE_STRICT_OBJC_MSGSEND = YES;
				GCC_C_LANGUAGE_STANDARD = gnu11;
				GCC_NO_COMMON_BLOCKS = YES;
				GCC_WARN_64_TO_32_BIT_CONVERSION = YES;
				GCC_WARN_ABOUT_RETURN_TYPE = YES_ERROR;
				GCC_WARN_UNDECLARED_SELECTOR = YES;
				GCC_WARN_UNINITIALIZED_AUTOS = YES_AGGRESSIVE;
				GCC_WARN_UNUSED_FUNCTION = YES;
				GCC_WARN_UNUSED_VARIABLE = YES;
				IPHONEOS_DEPLOYMENT_TARGET = 16.4;
				MTL_ENABLE_DEBUG_INFO = NO;
				MTL_FAST_MATH = YES;
				SDKROOT = iphoneos;
				SWIFT_COMPILATION_MODE = wholemodule;
				SWIFT_OPTIMIZATION_LEVEL = "-O";
				VALIDATE_PRODUCT = YES;
			};
			name = Release;
		};
		094288482A45D93600EA2D67 /* Debug */ = {
			isa = XCBuildConfiguration;
			buildSettings = {
				ASSETCATALOG_COMPILER_APPICON_NAME = AppIcon;
				ASSETCATALOG_COMPILER_GLOBAL_ACCENT_COLOR_NAME = AccentColor;
				CODE_SIGN_STYLE = Automatic;
				CURRENT_PROJECT_VERSION = 1;
				DEVELOPMENT_ASSET_PATHS = "\"LovePet/Preview Content\"";
				DEVELOPMENT_TEAM = "";
				ENABLE_PREVIEWS = YES;
				GENERATE_INFOPLIST_FILE = YES;
				INFOPLIST_KEY_UIApplicationSceneManifest_Generation = YES;
				INFOPLIST_KEY_UIApplicationSupportsIndirectInputEvents = YES;
				INFOPLIST_KEY_UILaunchScreen_Generation = YES;
				INFOPLIST_KEY_UISupportedInterfaceOrientations_iPad = "UIInterfaceOrientationPortrait UIInterfaceOrientationPortraitUpsideDown UIInterfaceOrientationLandscapeLeft UIInterfaceOrientationLandscapeRight";
				INFOPLIST_KEY_UISupportedInterfaceOrientations_iPhone = "UIInterfaceOrientationPortrait UIInterfaceOrientationLandscapeLeft UIInterfaceOrientationLandscapeRight";
				LD_RUNPATH_SEARCH_PATHS = (
					"$(inherited)",
					"@executable_path/Frameworks",
				);
				MARKETING_VERSION = 1.0;
				PRODUCT_BUNDLE_IDENTIFIER = "nicolero-hm.LovePet";
				PRODUCT_NAME = "$(TARGET_NAME)";
				SWIFT_EMIT_LOC_STRINGS = YES;
				SWIFT_VERSION = 5.0;
				TARGETED_DEVICE_FAMILY = "1,2";
			};
			name = Debug;
		};
		094288492A45D93600EA2D67 /* Release */ = {
			isa = XCBuildConfiguration;
			buildSettings = {
				ASSETCATALOG_COMPILER_APPICON_NAME = AppIcon;
				ASSETCATALOG_COMPILER_GLOBAL_ACCENT_COLOR_NAME = AccentColor;
				CODE_SIGN_STYLE = Automatic;
				CURRENT_PROJECT_VERSION = 1;
				DEVELOPMENT_ASSET_PATHS = "\"LovePet/Preview Content\"";
				DEVELOPMENT_TEAM = "";
				ENABLE_PREVIEWS = YES;
				GENERATE_INFOPLIST_FILE = YES;
				INFOPLIST_KEY_UIApplicationSceneManifest_Generation = YES;
				INFOPLIST_KEY_UIApplicationSupportsIndirectInputEvents = YES;
				INFOPLIST_KEY_UILaunchScreen_Generation = YES;
				INFOPLIST_KEY_UISupportedInterfaceOrientations_iPad = "UIInterfaceOrientationPortrait UIInterfaceOrientationPortraitUpsideDown UIInterfaceOrientationLandscapeLeft UIInterfaceOrientationLandscapeRight";
				INFOPLIST_KEY_UISupportedInterfaceOrientations_iPhone = "UIInterfaceOrientationPortrait UIInterfaceOrientationLandscapeLeft UIInterfaceOrientationLandscapeRight";
				LD_RUNPATH_SEARCH_PATHS = (
					"$(inherited)",
					"@executable_path/Frameworks",
				);
				MARKETING_VERSION = 1.0;
				PRODUCT_BUNDLE_IDENTIFIER = "nicolero-hm.LovePet";
				PRODUCT_NAME = "$(TARGET_NAME)";
				SWIFT_EMIT_LOC_STRINGS = YES;
				SWIFT_VERSION = 5.0;
				TARGETED_DEVICE_FAMILY = "1,2";
			};
			name = Release;
		};
		0942884B2A45D93600EA2D67 /* Debug */ = {
			isa = XCBuildConfiguration;
			buildSettings = {
				ALWAYS_EMBED_SWIFT_STANDARD_LIBRARIES = YES;
				BUNDLE_LOADER = "$(TEST_HOST)";
				CODE_SIGN_STYLE = Automatic;
				CURRENT_PROJECT_VERSION = 1;
				GENERATE_INFOPLIST_FILE = YES;
				IPHONEOS_DEPLOYMENT_TARGET = 16.4;
				MARKETING_VERSION = 1.0;
				PRODUCT_BUNDLE_IDENTIFIER = "nicolero-hm.LovePetTests";
				PRODUCT_NAME = "$(TARGET_NAME)";
				SWIFT_EMIT_LOC_STRINGS = NO;
				SWIFT_VERSION = 5.0;
				TARGETED_DEVICE_FAMILY = "1,2";
				TEST_HOST = "$(BUILT_PRODUCTS_DIR)/LovePet.app/$(BUNDLE_EXECUTABLE_FOLDER_PATH)/LovePet";
			};
			name = Debug;
		};
		0942884C2A45D93600EA2D67 /* Release */ = {
			isa = XCBuildConfiguration;
			buildSettings = {
				ALWAYS_EMBED_SWIFT_STANDARD_LIBRARIES = YES;
				BUNDLE_LOADER = "$(TEST_HOST)";
				CODE_SIGN_STYLE = Automatic;
				CURRENT_PROJECT_VERSION = 1;
				GENERATE_INFOPLIST_FILE = YES;
				IPHONEOS_DEPLOYMENT_TARGET = 16.4;
				MARKETING_VERSION = 1.0;
				PRODUCT_BUNDLE_IDENTIFIER = "nicolero-hm.LovePetTests";
				PRODUCT_NAME = "$(TARGET_NAME)";
				SWIFT_EMIT_LOC_STRINGS = NO;
				SWIFT_VERSION = 5.0;
				TARGETED_DEVICE_FAMILY = "1,2";
				TEST_HOST = "$(BUILT_PRODUCTS_DIR)/LovePet.app/$(BUNDLE_EXECUTABLE_FOLDER_PATH)/LovePet";
			};
			name = Release;
		};
		0942884E2A45D93600EA2D67 /* Debug */ = {
			isa = XCBuildConfiguration;
			buildSettings = {
				ALWAYS_EMBED_SWIFT_STANDARD_LIBRARIES = YES;
				CODE_SIGN_STYLE = Automatic;
				CURRENT_PROJECT_VERSION = 1;
				GENERATE_INFOPLIST_FILE = YES;
				MARKETING_VERSION = 1.0;
				PRODUCT_BUNDLE_IDENTIFIER = "nicolero-hm.LovePetUITests";
				PRODUCT_NAME = "$(TARGET_NAME)";
				SWIFT_EMIT_LOC_STRINGS = NO;
				SWIFT_VERSION = 5.0;
				TARGETED_DEVICE_FAMILY = "1,2";
				TEST_TARGET_NAME = LovePet;
			};
			name = Debug;
		};
		0942884F2A45D93600EA2D67 /* Release */ = {
			isa = XCBuildConfiguration;
			buildSettings = {
				ALWAYS_EMBED_SWIFT_STANDARD_LIBRARIES = YES;
				CODE_SIGN_STYLE = Automatic;
				CURRENT_PROJECT_VERSION = 1;
				GENERATE_INFOPLIST_FILE = YES;
				MARKETING_VERSION = 1.0;
				PRODUCT_BUNDLE_IDENTIFIER = "nicolero-hm.LovePetUITests";
				PRODUCT_NAME = "$(TARGET_NAME)";
				SWIFT_EMIT_LOC_STRINGS = NO;
				SWIFT_VERSION = 5.0;
				TARGETED_DEVICE_FAMILY = "1,2";
				TEST_TARGET_NAME = LovePet;
			};
			name = Release;
		};
/* End XCBuildConfiguration section */

/* Begin XCConfigurationList section */
		0942881E2A45D93500EA2D67 /* Build configuration list for PBXProject "LovePet" */ = {
			isa = XCConfigurationList;
			buildConfigurations = (
				094288452A45D93600EA2D67 /* Debug */,
				094288462A45D93600EA2D67 /* Release */,
			);
			defaultConfigurationIsVisible = 0;
			defaultConfigurationName = Release;
		};
		094288472A45D93600EA2D67 /* Build configuration list for PBXNativeTarget "LovePet" */ = {
			isa = XCConfigurationList;
			buildConfigurations = (
				094288482A45D93600EA2D67 /* Debug */,
				094288492A45D93600EA2D67 /* Release */,
			);
			defaultConfigurationIsVisible = 0;
			defaultConfigurationName = Release;
		};
		0942884A2A45D93600EA2D67 /* Build configuration list for PBXNativeTarget "LovePetTests" */ = {
			isa = XCConfigurationList;
			buildConfigurations = (
				0942884B2A45D93600EA2D67 /* Debug */,
				0942884C2A45D93600EA2D67 /* Release */,
			);
			defaultConfigurationIsVisible = 0;
			defaultConfigurationName = Release;
		};
		0942884D2A45D93600EA2D67 /* Build configuration list for PBXNativeTarget "LovePetUITests" */ = {
			isa = XCConfigurationList;
			buildConfigurations = (
				0942884E2A45D93600EA2D67 /* Debug */,
				0942884F2A45D93600EA2D67 /* Release */,
			);
			defaultConfigurationIsVisible = 0;
			defaultConfigurationName = Release;
		};
/* End XCConfigurationList section */

/* Begin XCRemoteSwiftPackageReference section */
		093AC0C42A4977B200F20678 /* XCRemoteSwiftPackageReference "firebase-ios-sdk" */ = {
			isa = XCRemoteSwiftPackageReference;
			repositoryURL = "https://github.com/firebase/firebase-ios-sdk";
			requirement = {
				kind = upToNextMajorVersion;
				minimumVersion = 10.0.0;
			};
		};
/* End XCRemoteSwiftPackageReference section */

/* Begin XCSwiftPackageProductDependency section */
		093AC0C52A4977B200F20678 /* FirebaseAuth */ = {
			isa = XCSwiftPackageProductDependency;
			package = 093AC0C42A4977B200F20678 /* XCRemoteSwiftPackageReference "firebase-ios-sdk" */;
			productName = FirebaseAuth;
		};
		093AC0C72A4977B200F20678 /* FirebaseAuthCombine-Community */ = {
			isa = XCSwiftPackageProductDependency;
			package = 093AC0C42A4977B200F20678 /* XCRemoteSwiftPackageReference "firebase-ios-sdk" */;
			productName = "FirebaseAuthCombine-Community";
		};
		093AC0C92A4977B200F20678 /* FirebaseDatabase */ = {
			isa = XCSwiftPackageProductDependency;
			package = 093AC0C42A4977B200F20678 /* XCRemoteSwiftPackageReference "firebase-ios-sdk" */;
			productName = FirebaseDatabase;
		};
		093AC0CB2A4977B200F20678 /* FirebaseDatabaseSwift */ = {
			isa = XCSwiftPackageProductDependency;
			package = 093AC0C42A4977B200F20678 /* XCRemoteSwiftPackageReference "firebase-ios-sdk" */;
			productName = FirebaseDatabaseSwift;
		};
		093AC0CD2A4977B200F20678 /* FirebaseFirestore */ = {
			isa = XCSwiftPackageProductDependency;
			package = 093AC0C42A4977B200F20678 /* XCRemoteSwiftPackageReference "firebase-ios-sdk" */;
			productName = FirebaseFirestore;
		};
		093AC0CF2A4977B200F20678 /* FirebaseFirestoreCombine-Community */ = {
			isa = XCSwiftPackageProductDependency;
			package = 093AC0C42A4977B200F20678 /* XCRemoteSwiftPackageReference "firebase-ios-sdk" */;
			productName = "FirebaseFirestoreCombine-Community";
		};
		093AC0D12A4977B200F20678 /* FirebaseFirestoreSwift */ = {
			isa = XCSwiftPackageProductDependency;
			package = 093AC0C42A4977B200F20678 /* XCRemoteSwiftPackageReference "firebase-ios-sdk" */;
			productName = FirebaseFirestoreSwift;
		};
		093AC0D32A4977B200F20678 /* FirebaseInAppMessaging-Beta */ = {
			isa = XCSwiftPackageProductDependency;
			package = 093AC0C42A4977B200F20678 /* XCRemoteSwiftPackageReference "firebase-ios-sdk" */;
			productName = "FirebaseInAppMessaging-Beta";
		};
		093AC0D52A4977B200F20678 /* FirebaseInAppMessagingSwift-Beta */ = {
			isa = XCSwiftPackageProductDependency;
			package = 093AC0C42A4977B200F20678 /* XCRemoteSwiftPackageReference "firebase-ios-sdk" */;
			productName = "FirebaseInAppMessagingSwift-Beta";
		};
		093AC0D72A4977B200F20678 /* FirebaseMessaging */ = {
			isa = XCSwiftPackageProductDependency;
			package = 093AC0C42A4977B200F20678 /* XCRemoteSwiftPackageReference "firebase-ios-sdk" */;
			productName = FirebaseMessaging;
		};
		093AC0D92A4977B200F20678 /* FirebaseStorage */ = {
			isa = XCSwiftPackageProductDependency;
			package = 093AC0C42A4977B200F20678 /* XCRemoteSwiftPackageReference "firebase-ios-sdk" */;
			productName = FirebaseStorage;
		};
		093AC0DB2A4977B200F20678 /* FirebaseStorageCombine-Community */ = {
			isa = XCSwiftPackageProductDependency;
			package = 093AC0C42A4977B200F20678 /* XCRemoteSwiftPackageReference "firebase-ios-sdk" */;
			productName = "FirebaseStorageCombine-Community";
		};
/* End XCSwiftPackageProductDependency section */
	};
	rootObject = 0942881B2A45D93500EA2D67 /* Project object */;
}
